
Microsoft Visual Studio Solution File, Format Version 12.00
# Visual Studio Version 17
VisualStudioVersion = 17.3.32901.215
MinimumVisualStudioVersion = 10.0.40219.1
Project("{9A19103F-16F7-4668-BE54-9A1E7A4F7556}") = "KinaUnaWeb", "KinaUnaWeb\KinaUnaWeb.csproj", "{CDD3BC14-3362-4A44-AB40-E722E6828037}"
EndProject
Project("{9A19103F-16F7-4668-BE54-9A1E7A4F7556}") = "KinaUna.IDP", "KinaUna.IDP\KinaUna.IDP.csproj", "{5ABE9C3C-B033-4C2B-84D3-0729F8566AFC}"
EndProject
Project("{9A19103F-16F7-4668-BE54-9A1E7A4F7556}") = "KinaUnaProgenyApi", "KinaUnaProgenyApi\KinaUnaProgenyApi.csproj", "{6EAE6749-C07B-4021-AC1B-C7FA87D2B8EA}"
EndProject
Project("{9A19103F-16F7-4668-BE54-9A1E7A4F7556}") = "KinaUna.Data", "KinaUna.Data\KinaUna.Data.csproj", "{4207213D-24C3-4966-9471-FA1E4B00EDE4}"
EndProject
Project("{9A19103F-16F7-4668-BE54-9A1E7A4F7556}") = "KinaUnaWebBlazor", "KinaUnaWebBlazor\KinaUnaWebBlazor.csproj", "{CFF04167-DD6A-4E8B-B91E-7BBBE666FDAE}"
EndProject
Project("{9A19103F-16F7-4668-BE54-9A1E7A4F7556}") = "KinaUnaProgenyApi.Tests", "KinaUnaProgenyApi.Tests\KinaUnaProgenyApi.Tests.csproj", "{2D0203E2-6ED1-4958-A146-CB68AC18F780}"
EndProject
Project("{9A19103F-16F7-4668-BE54-9A1E7A4F7556}") = "KinaUnaWeb.Tests", "KinaUnaWeb.Tests\KinaUnaWeb.Tests.csproj", "{C0000A8F-E3D2-4533-9E91-6BC74ECA25C2}"
EndProject
Project("{FAE04EC0-301F-11D3-BF4B-00C04F79EFBC}") = "KinaUna.OpenIddict", "KinaUna.OpenIddict\KinaUna.OpenIddict.csproj", "{B3F8116A-805C-48FD-8E5A-F54D2F959EDD}"
EndProject
Project("{FAE04EC0-301F-11D3-BF4B-00C04F79EFBC}") = "KinaUna.OpenIddict.Tests", "KinaUna.OpenIddict.Tests\KinaUna.OpenIddict.Tests.csproj", "{2CECFF5D-F201-4EE3-BDFE-AC237AB55047}"
EndProject
Global
	GlobalSection(SolutionConfigurationPlatforms) = preSolution
		Debug|Any CPU = Debug|Any CPU
		Debug|x64 = Debug|x64
		Release|Any CPU = Release|Any CPU
		Release|x64 = Release|x64
	EndGlobalSection
	GlobalSection(ProjectConfigurationPlatforms) = postSolution
		{CDD3BC14-3362-4A44-AB40-E722E6828037}.Debug|Any CPU.ActiveCfg = Debug|Any CPU
		{CDD3BC14-3362-4A44-AB40-E722E6828037}.Debug|Any CPU.Build.0 = Debug|Any CPU
		{CDD3BC14-3362-4A44-AB40-E722E6828037}.Debug|x64.ActiveCfg = Debug|x64
		{CDD3BC14-3362-4A44-AB40-E722E6828037}.Debug|x64.Build.0 = Debug|x64
		{CDD3BC14-3362-4A44-AB40-E722E6828037}.Release|Any CPU.ActiveCfg = Release|Any CPU
		{CDD3BC14-3362-4A44-AB40-E722E6828037}.Release|Any CPU.Build.0 = Release|Any CPU
		{CDD3BC14-3362-4A44-AB40-E722E6828037}.Release|x64.ActiveCfg = Release|x64
		{CDD3BC14-3362-4A44-AB40-E722E6828037}.Release|x64.Build.0 = Release|x64
		{5ABE9C3C-B033-4C2B-84D3-0729F8566AFC}.Debug|Any CPU.ActiveCfg = Debug|Any CPU
		{5ABE9C3C-B033-4C2B-84D3-0729F8566AFC}.Debug|Any CPU.Build.0 = Debug|Any CPU
		{5ABE9C3C-B033-4C2B-84D3-0729F8566AFC}.Debug|x64.ActiveCfg = Debug|x64
		{5ABE9C3C-B033-4C2B-84D3-0729F8566AFC}.Debug|x64.Build.0 = Debug|x64
		{5ABE9C3C-B033-4C2B-84D3-0729F8566AFC}.Release|Any CPU.ActiveCfg = Release|Any CPU
		{5ABE9C3C-B033-4C2B-84D3-0729F8566AFC}.Release|Any CPU.Build.0 = Release|Any CPU
		{5ABE9C3C-B033-4C2B-84D3-0729F8566AFC}.Release|x64.ActiveCfg = Release|x64
		{5ABE9C3C-B033-4C2B-84D3-0729F8566AFC}.Release|x64.Build.0 = Release|x64
		{6EAE6749-C07B-4021-AC1B-C7FA87D2B8EA}.Debug|Any CPU.ActiveCfg = Debug|Any CPU
		{6EAE6749-C07B-4021-AC1B-C7FA87D2B8EA}.Debug|Any CPU.Build.0 = Debug|Any CPU
		{6EAE6749-C07B-4021-AC1B-C7FA87D2B8EA}.Debug|x64.ActiveCfg = Debug|x64
		{6EAE6749-C07B-4021-AC1B-C7FA87D2B8EA}.Debug|x64.Build.0 = Debug|x64
		{6EAE6749-C07B-4021-AC1B-C7FA87D2B8EA}.Release|Any CPU.ActiveCfg = Release|Any CPU
		{6EAE6749-C07B-4021-AC1B-C7FA87D2B8EA}.Release|Any CPU.Build.0 = Release|Any CPU
		{6EAE6749-C07B-4021-AC1B-C7FA87D2B8EA}.Release|x64.ActiveCfg = Release|x64
		{6EAE6749-C07B-4021-AC1B-C7FA87D2B8EA}.Release|x64.Build.0 = Release|x64
		{4207213D-24C3-4966-9471-FA1E4B00EDE4}.Debug|Any CPU.ActiveCfg = Debug|Any CPU
		{4207213D-24C3-4966-9471-FA1E4B00EDE4}.Debug|Any CPU.Build.0 = Debug|Any CPU
		{4207213D-24C3-4966-9471-FA1E4B00EDE4}.Debug|x64.ActiveCfg = Debug|x64
		{4207213D-24C3-4966-9471-FA1E4B00EDE4}.Debug|x64.Build.0 = Debug|x64
		{4207213D-24C3-4966-9471-FA1E4B00EDE4}.Release|Any CPU.ActiveCfg = Release|Any CPU
		{4207213D-24C3-4966-9471-FA1E4B00EDE4}.Release|Any CPU.Build.0 = Release|Any CPU
		{4207213D-24C3-4966-9471-FA1E4B00EDE4}.Release|x64.ActiveCfg = Release|x64
		{4207213D-24C3-4966-9471-FA1E4B00EDE4}.Release|x64.Build.0 = Release|x64
		{CFF04167-DD6A-4E8B-B91E-7BBBE666FDAE}.Debug|Any CPU.ActiveCfg = Debug|Any CPU
		{CFF04167-DD6A-4E8B-B91E-7BBBE666FDAE}.Debug|Any CPU.Build.0 = Debug|Any CPU
		{CFF04167-DD6A-4E8B-B91E-7BBBE666FDAE}.Debug|x64.ActiveCfg = Debug|Any CPU
		{CFF04167-DD6A-4E8B-B91E-7BBBE666FDAE}.Debug|x64.Build.0 = Debug|Any CPU
		{CFF04167-DD6A-4E8B-B91E-7BBBE666FDAE}.Release|Any CPU.ActiveCfg = Release|Any CPU
		{CFF04167-DD6A-4E8B-B91E-7BBBE666FDAE}.Release|Any CPU.Build.0 = Release|Any CPU
		{CFF04167-DD6A-4E8B-B91E-7BBBE666FDAE}.Release|x64.ActiveCfg = Release|Any CPU
		{CFF04167-DD6A-4E8B-B91E-7BBBE666FDAE}.Release|x64.Build.0 = Release|Any CPU
		{2D0203E2-6ED1-4958-A146-CB68AC18F780}.Debug|Any CPU.ActiveCfg = Debug|Any CPU
		{2D0203E2-6ED1-4958-A146-CB68AC18F780}.Debug|Any CPU.Build.0 = Debug|Any CPU
		{2D0203E2-6ED1-4958-A146-CB68AC18F780}.Debug|x64.ActiveCfg = Debug|Any CPU
		{2D0203E2-6ED1-4958-A146-CB68AC18F780}.Debug|x64.Build.0 = Debug|Any CPU
		{2D0203E2-6ED1-4958-A146-CB68AC18F780}.Release|Any CPU.ActiveCfg = Release|Any CPU
		{2D0203E2-6ED1-4958-A146-CB68AC18F780}.Release|Any CPU.Build.0 = Release|Any CPU
		{2D0203E2-6ED1-4958-A146-CB68AC18F780}.Release|x64.ActiveCfg = Release|Any CPU
		{2D0203E2-6ED1-4958-A146-CB68AC18F780}.Release|x64.Build.0 = Release|Any CPU
		{C0000A8F-E3D2-4533-9E91-6BC74ECA25C2}.Debug|Any CPU.ActiveCfg = Debug|Any CPU
		{C0000A8F-E3D2-4533-9E91-6BC74ECA25C2}.Debug|Any CPU.Build.0 = Debug|Any CPU
		{C0000A8F-E3D2-4533-9E91-6BC74ECA25C2}.Debug|x64.ActiveCfg = Debug|Any CPU
		{C0000A8F-E3D2-4533-9E91-6BC74ECA25C2}.Debug|x64.Build.0 = Debug|Any CPU
		{C0000A8F-E3D2-4533-9E91-6BC74ECA25C2}.Release|Any CPU.ActiveCfg = Release|Any CPU
		{C0000A8F-E3D2-4533-9E91-6BC74ECA25C2}.Release|Any CPU.Build.0 = Release|Any CPU
		{C0000A8F-E3D2-4533-9E91-6BC74ECA25C2}.Release|x64.ActiveCfg = Release|Any CPU
		{C0000A8F-E3D2-4533-9E91-6BC74ECA25C2}.Release|x64.Build.0 = Release|Any CPU
		{B3F8116A-805C-48FD-8E5A-F54D2F959EDD}.Debug|Any CPU.ActiveCfg = Debug|Any CPU
		{B3F8116A-805C-48FD-8E5A-F54D2F959EDD}.Debug|Any CPU.Build.0 = Debug|Any CPU
		{B3F8116A-805C-48FD-8E5A-F54D2F959EDD}.Debug|x64.ActiveCfg = Debug|Any CPU
		{B3F8116A-805C-48FD-8E5A-F54D2F959EDD}.Debug|x64.Build.0 = Debug|Any CPU
		{B3F8116A-805C-48FD-8E5A-F54D2F959EDD}.Release|Any CPU.ActiveCfg = Release|Any CPU
		{B3F8116A-805C-48FD-8E5A-F54D2F959EDD}.Release|Any CPU.Build.0 = Release|Any CPU
		{B3F8116A-805C-48FD-8E5A-F54D2F959EDD}.Release|x64.ActiveCfg = Release|Any CPU
		{B3F8116A-805C-48FD-8E5A-F54D2F959EDD}.Release|x64.Build.0 = Release|Any CPU
		{2CECFF5D-F201-4EE3-BDFE-AC237AB55047}.Debug|Any CPU.ActiveCfg = Debug|Any CPU
		{2CECFF5D-F201-4EE3-BDFE-AC237AB55047}.Debug|Any CPU.Build.0 = Debug|Any CPU
		{2CECFF5D-F201-4EE3-BDFE-AC237AB55047}.Debug|x64.ActiveCfg = Debug|Any CPU
		{2CECFF5D-F201-4EE3-BDFE-AC237AB55047}.Debug|x64.Build.0 = Debug|Any CPU
		{2CECFF5D-F201-4EE3-BDFE-AC237AB55047}.Release|Any CPU.ActiveCfg = Release|Any CPU
		{2CECFF5D-F201-4EE3-BDFE-AC237AB55047}.Release|Any CPU.Build.0 = Release|Any CPU
		{2CECFF5D-F201-4EE3-BDFE-AC237AB55047}.Release|x64.ActiveCfg = Release|Any CPU
		{2CECFF5D-F201-4EE3-BDFE-AC237AB55047}.Release|x64.Build.0 = Release|Any CPU
	EndGlobalSection
	GlobalSection(SolutionProperties) = preSolution
		HideSolutionNode = FALSE
	EndGlobalSection
	GlobalSection(ExtensibilityGlobals) = postSolution
		SolutionGuid = {64C75FCF-439F-450D-AA32-FB421EF2E996}
	EndGlobalSection
EndGlobal
